
Microsoft Visual Studio Solution File, Format Version 12.00
# Visual Studio Version 17
VisualStudioVersion = 17.5.33502.453
MinimumVisualStudioVersion = 10.0.40219.1
Project("{9A19103F-16F7-4668-BE54-9A1E7A4F7556}") = "SpeProcessor", "SpeProcessor\SpeProcessor.csproj", "{500C0377-4E3B-436B-92B8-FE9D6B6CC1B4}"
EndProject
Project("{FAE04EC0-301F-11D3-BF4B-00C04F79EFBC}") = "SpeProcessor.Console", "SpeProcessor.Console\SpeProcessor.Console.csproj", "{47A8D957-F876-4D98-AE90-68146D54DDAD}"
EndProject
Project("{FAE04EC0-301F-11D3-BF4B-00C04F79EFBC}") = "SpeProcessor_Tester", "SpeProcessor_Tester\SpeProcessor_Tester.csproj", "{DD657B1B-CB7A-4EFB-BB22-0F05DF7FC825}"
EndProject
Global
	GlobalSection(SolutionConfigurationPlatforms) = preSolution
		Debug|Any CPU = Debug|Any CPU
		Release|Any CPU = Release|Any CPU
	EndGlobalSection
	GlobalSection(ProjectConfigurationPlatforms) = postSolution
		{500C0377-4E3B-436B-92B8-FE9D6B6CC1B4}.Debug|Any CPU.ActiveCfg = Debug|Any CPU
		{500C0377-4E3B-436B-92B8-FE9D6B6CC1B4}.Debug|Any CPU.Build.0 = Debug|Any CPU
		{500C0377-4E3B-436B-92B8-FE9D6B6CC1B4}.Release|Any CPU.ActiveCfg = Release|Any CPU
		{500C0377-4E3B-436B-92B8-FE9D6B6CC1B4}.Release|Any CPU.Build.0 = Release|Any CPU
		{47A8D957-F876-4D98-AE90-68146D54DDAD}.Debug|Any CPU.ActiveCfg = Debug|Any CPU
		{47A8D957-F876-4D98-AE90-68146D54DDAD}.Debug|Any CPU.Build.0 = Debug|Any CPU
		{47A8D957-F876-4D98-AE90-68146D54DDAD}.Release|Any CPU.ActiveCfg = Release|Any CPU
		{47A8D957-F876-4D98-AE90-68146D54DDAD}.Release|Any CPU.Build.0 = Release|Any CPU
		{DD657B1B-CB7A-4EFB-BB22-0F05DF7FC825}.Debug|Any CPU.ActiveCfg = Debug|Any CPU
		{DD657B1B-CB7A-4EFB-BB22-0F05DF7FC825}.Debug|Any CPU.Build.0 = Debug|Any CPU
		{DD657B1B-CB7A-4EFB-BB22-0F05DF7FC825}.Release|Any CPU.ActiveCfg = Release|Any CPU
		{DD657B1B-CB7A-4EFB-BB22-0F05DF7FC825}.Release|Any CPU.Build.0 = Release|Any CPU
	EndGlobalSection
	GlobalSection(SolutionProperties) = preSolution
		HideSolutionNode = FALSE
	EndGlobalSection
	GlobalSection(ExtensibilityGlobals) = postSolution
		SolutionGuid = {664CF841-497C-4A35-8E4E-6B88ADF50E5C}
	EndGlobalSection
EndGlobal
